
Microsoft Visual Studio Solution File, Format Version 12.00
# Visual Studio Version 17
VisualStudioVersion = 17.9.34616.47
MinimumVisualStudioVersion = 10.0.40219.1
Project("{9A19103F-16F7-4668-BE54-9A1E7A4F7556}") = "lvlup.DataFerry", "DataFerry\lvlup.DataFerry.csproj", "{DF959F62-01FD-4B43-B497-D7C766A2CFE1}"
EndProject
Project("{9A19103F-16F7-4668-BE54-9A1E7A4F7556}") = "lvlup.DataFerry.Tests", "DataFerry.Tests\lvlup.DataFerry.Tests.csproj", "{A8C006C0-EB1C-4267-BF89-EE3A57D73C58}"
EndProject
Project("{2150E333-8FDC-42A3-9474-1A3956D46DE8}") = "Solution Items", "Solution Items", "{35FE9F62-844F-491E-A399-15507C459CBC}"
	ProjectSection(SolutionItems) = preProject
		.editorconfig = .editorconfig
		Directory.Build.props = Directory.Build.props
		Directory.Packages.props = Directory.Packages.props
		README.md = README.md
		stylecop.json = stylecop.json
	EndProjectSection
EndProject
Global
	GlobalSection(SolutionConfigurationPlatforms) = preSolution
		Debug|Any CPU = Debug|Any CPU
		Release|Any CPU = Release|Any CPU
	EndGlobalSection
	GlobalSection(ProjectConfigurationPlatforms) = postSolution
		{DF959F62-01FD-4B43-B497-D7C766A2CFE1}.Debug|Any CPU.ActiveCfg = Debug|Any CPU
		{DF959F62-01FD-4B43-B497-D7C766A2CFE1}.Debug|Any CPU.Build.0 = Debug|Any CPU
		{DF959F62-01FD-4B43-B497-D7C766A2CFE1}.Release|Any CPU.ActiveCfg = Release|Any CPU
		{DF959F62-01FD-4B43-B497-D7C766A2CFE1}.Release|Any CPU.Build.0 = Release|Any CPU
		{A8C006C0-EB1C-4267-BF89-EE3A57D73C58}.Debug|Any CPU.ActiveCfg = Debug|Any CPU
		{A8C006C0-EB1C-4267-BF89-EE3A57D73C58}.Debug|Any CPU.Build.0 = Debug|Any CPU
		{A8C006C0-EB1C-4267-BF89-EE3A57D73C58}.Release|Any CPU.ActiveCfg = Release|Any CPU
		{A8C006C0-EB1C-4267-BF89-EE3A57D73C58}.Release|Any CPU.Build.0 = Release|Any CPU
	EndGlobalSection
	GlobalSection(SolutionProperties) = preSolution
		HideSolutionNode = FALSE
	EndGlobalSection
	GlobalSection(ExtensibilityGlobals) = postSolution
		SolutionGuid = {4790F6EC-DF56-400B-AD33-F2923D6D1461}
	EndGlobalSection
EndGlobal
